
Microsoft Visual Studio Solution File, Format Version 12.00
# Visual Studio 15
Project("{FAE04EC0-301F-11D3-BF4B-00C04F79EFBC}") = "Assembly-CSharp", "Assembly-CSharp.csproj", "{0B104AE1-3A0D-0877-EB22-E6269F62AECA}"
EndProject
Project("{FAE04EC0-301F-11D3-BF4B-00C04F79EFBC}") = "Google.Play.AssetDelivery", "Google.Play.AssetDelivery.csproj", "{8A937A6E-7EC7-83BF-9D3A-8C08DF827AEE}"
EndProject
Project("{FAE04EC0-301F-11D3-BF4B-00C04F79EFBC}") = "AppsFlyer", "AppsFlyer.csproj", "{68CD0129-7F74-FD73-6EC6-A73C11A8CB21}"
EndProject
Project("{FAE04EC0-301F-11D3-BF4B-00C04F79EFBC}") = "NavMeshComponents", "NavMeshComponents.csproj", "{E597B652-5A23-5FC9-5F4E-EC8277C23885}"
EndProject
Project("{FAE04EC0-301F-11D3-BF4B-00C04F79EFBC}") = "MoreMountains.NiceVibrations.Demos", "MoreMountains.NiceVibrations.Demos.csproj", "{6DD2F4E1-0096-E7BE-D665-4DE198815D90}"
EndProject
Project("{FAE04EC0-301F-11D3-BF4B-00C04F79EFBC}") = "MoreMountains.NiceVibrations", "MoreMountains.NiceVibrations.csproj", "{AA80FAEC-A3A7-1A06-1B3B-894AEDBA4AB2}"
EndProject
Project("{FAE04EC0-301F-11D3-BF4B-00C04F79EFBC}") = "MoreMountains.NiceVibrations.Haptics", "MoreMountains.NiceVibrations.Haptics.csproj", "{4A57C878-CCEB-E786-1759-36C28906EAE4}"
EndProject
Project("{FAE04EC0-301F-11D3-BF4B-00C04F79EFBC}") = "Google.Play.Common", "Google.Play.Common.csproj", "{9731DDF6-6053-883E-ECCC-4E8BEB5D038C}"
EndProject
Project("{FAE04EC0-301F-11D3-BF4B-00C04F79EFBC}") = "Google.Play.AppUpdate", "Google.Play.AppUpdate.csproj", "{35F5C11E-BCA8-B143-8F8E-C191063EB606}"
EndProject
Project("{FAE04EC0-301F-11D3-BF4B-00C04F79EFBC}") = "Google.Play.Core", "Google.Play.Core.csproj", "{49420716-32B5-EEF8-417B-C849CA238AA3}"
EndProject
Project("{FAE04EC0-301F-11D3-BF4B-00C04F79EFBC}") = "Google.Play.Review", "Google.Play.Review.csproj", "{1439EAB7-C7F6-6221-891E-F38B4E56A69B}"
EndProject
Project("{FAE04EC0-301F-11D3-BF4B-00C04F79EFBC}") = "Google.Play.Instant", "Google.Play.Instant.csproj", "{0CF43001-F975-DE96-3AFC-596C22CDD1D3}"
EndProject
Project("{FAE04EC0-301F-11D3-BF4B-00C04F79EFBC}") = "Google.Android.AppBundle.Editor", "Google.Android.AppBundle.Editor.csproj", "{82839E0E-D7E1-2193-B911-98BDE08260AA}"
EndProject
Project("{FAE04EC0-301F-11D3-BF4B-00C04F79EFBC}") = "NavMeshComponentsEditor", "NavMeshComponentsEditor.csproj", "{FDBDB280-FD82-559F-92E9-FD40EB06C65E}"
EndProject
Project("{FAE04EC0-301F-11D3-BF4B-00C04F79EFBC}") = "Assembly-CSharp-Editor", "Assembly-CSharp-Editor.csproj", "{51C612AA-1D39-9D13-5C09-19F8D9E807F7}"
EndProject
Project("{FAE04EC0-301F-11D3-BF4B-00C04F79EFBC}") = "Google.Play.Instant.Editor", "Google.Play.Instant.Editor.csproj", "{1F035FC6-C9B3-F631-9C87-E5509F20BAE7}"
EndProject
Project("{FAE04EC0-301F-11D3-BF4B-00C04F79EFBC}") = "AppsFlyer.Editor", "AppsFlyer.Editor.csproj", "{2144C0F7-0E63-D925-F903-75F257876365}"
EndProject
Project("{FAE04EC0-301F-11D3-BF4B-00C04F79EFBC}") = "MoreMountains.NiceVibrations.Editor", "MoreMountains.NiceVibrations.Editor.csproj", "{1EA5EFC0-C365-7A41-362A-60F58C17C616}"
EndProject
Project("{FAE04EC0-301F-11D3-BF4B-00C04F79EFBC}") = "Google.Play.Billing.Editor", "Google.Play.Billing.Editor.csproj", "{C53011BA-01E4-D11D-A670-0B761BCBBAC3}"
EndProject
Global
	GlobalSection(SolutionConfigurationPlatforms) = preSolution
		Debug|Any CPU = Debug|Any CPU
		Release|Any CPU = Release|Any CPU
	EndGlobalSection
	GlobalSection(ProjectConfigurationPlatforms) = postSolution
		{0B104AE1-3A0D-0877-EB22-E6269F62AECA}.Debug|Any CPU.ActiveCfg = Debug|Any CPU
		{0B104AE1-3A0D-0877-EB22-E6269F62AECA}.Debug|Any CPU.Build.0 = Debug|Any CPU
		{0B104AE1-3A0D-0877-EB22-E6269F62AECA}.Release|Any CPU.ActiveCfg = Release|Any CPU
		{0B104AE1-3A0D-0877-EB22-E6269F62AECA}.Release|Any CPU.Build.0 = Release|Any CPU
		{8A937A6E-7EC7-83BF-9D3A-8C08DF827AEE}.Debug|Any CPU.ActiveCfg = Debug|Any CPU
		{8A937A6E-7EC7-83BF-9D3A-8C08DF827AEE}.Debug|Any CPU.Build.0 = Debug|Any CPU
		{8A937A6E-7EC7-83BF-9D3A-8C08DF827AEE}.Release|Any CPU.ActiveCfg = Release|Any CPU
		{8A937A6E-7EC7-83BF-9D3A-8C08DF827AEE}.Release|Any CPU.Build.0 = Release|Any CPU
		{68CD0129-7F74-FD73-6EC6-A73C11A8CB21}.Debug|Any CPU.ActiveCfg = Debug|Any CPU
		{68CD0129-7F74-FD73-6EC6-A73C11A8CB21}.Debug|Any CPU.Build.0 = Debug|Any CPU
		{68CD0129-7F74-FD73-6EC6-A73C11A8CB21}.Release|Any CPU.ActiveCfg = Release|Any CPU
		{68CD0129-7F74-FD73-6EC6-A73C11A8CB21}.Release|Any CPU.Build.0 = Release|Any CPU
		{E597B652-5A23-5FC9-5F4E-EC8277C23885}.Debug|Any CPU.ActiveCfg = Debug|Any CPU
		{E597B652-5A23-5FC9-5F4E-EC8277C23885}.Debug|Any CPU.Build.0 = Debug|Any CPU
		{E597B652-5A23-5FC9-5F4E-EC8277C23885}.Release|Any CPU.ActiveCfg = Release|Any CPU
		{E597B652-5A23-5FC9-5F4E-EC8277C23885}.Release|Any CPU.Build.0 = Release|Any CPU
		{6DD2F4E1-0096-E7BE-D665-4DE198815D90}.Debug|Any CPU.ActiveCfg = Debug|Any CPU
		{6DD2F4E1-0096-E7BE-D665-4DE198815D90}.Debug|Any CPU.Build.0 = Debug|Any CPU
		{6DD2F4E1-0096-E7BE-D665-4DE198815D90}.Release|Any CPU.ActiveCfg = Release|Any CPU
		{6DD2F4E1-0096-E7BE-D665-4DE198815D90}.Release|Any CPU.Build.0 = Release|Any CPU
		{AA80FAEC-A3A7-1A06-1B3B-894AEDBA4AB2}.Debug|Any CPU.ActiveCfg = Debug|Any CPU
		{AA80FAEC-A3A7-1A06-1B3B-894AEDBA4AB2}.Debug|Any CPU.Build.0 = Debug|Any CPU
		{AA80FAEC-A3A7-1A06-1B3B-894AEDBA4AB2}.Release|Any CPU.ActiveCfg = Release|Any CPU
		{AA80FAEC-A3A7-1A06-1B3B-894AEDBA4AB2}.Release|Any CPU.Build.0 = Release|Any CPU
		{4A57C878-CCEB-E786-1759-36C28906EAE4}.Debug|Any CPU.ActiveCfg = Debug|Any CPU
		{4A57C878-CCEB-E786-1759-36C28906EAE4}.Debug|Any CPU.Build.0 = Debug|Any CPU
		{4A57C878-CCEB-E786-1759-36C28906EAE4}.Release|Any CPU.ActiveCfg = Release|Any CPU
		{4A57C878-CCEB-E786-1759-36C28906EAE4}.Release|Any CPU.Build.0 = Release|Any CPU
		{9731DDF6-6053-883E-ECCC-4E8BEB5D038C}.Debug|Any CPU.ActiveCfg = Debug|Any CPU
		{9731DDF6-6053-883E-ECCC-4E8BEB5D038C}.Debug|Any CPU.Build.0 = Debug|Any CPU
		{9731DDF6-6053-883E-ECCC-4E8BEB5D038C}.Release|Any CPU.ActiveCfg = Release|Any CPU
		{9731DDF6-6053-883E-ECCC-4E8BEB5D038C}.Release|Any CPU.Build.0 = Release|Any CPU
		{35F5C11E-BCA8-B143-8F8E-C191063EB606}.Debug|Any CPU.ActiveCfg = Debug|Any CPU
		{35F5C11E-BCA8-B143-8F8E-C191063EB606}.Debug|Any CPU.Build.0 = Debug|Any CPU
		{35F5C11E-BCA8-B143-8F8E-C191063EB606}.Release|Any CPU.ActiveCfg = Release|Any CPU
		{35F5C11E-BCA8-B143-8F8E-C191063EB606}.Release|Any CPU.Build.0 = Release|Any CPU
		{49420716-32B5-EEF8-417B-C849CA238AA3}.Debug|Any CPU.ActiveCfg = Debug|Any CPU
		{49420716-32B5-EEF8-417B-C849CA238AA3}.Debug|Any CPU.Build.0 = Debug|Any CPU
		{49420716-32B5-EEF8-417B-C849CA238AA3}.Release|Any CPU.ActiveCfg = Release|Any CPU
		{49420716-32B5-EEF8-417B-C849CA238AA3}.Release|Any CPU.Build.0 = Release|Any CPU
		{1439EAB7-C7F6-6221-891E-F38B4E56A69B}.Debug|Any CPU.ActiveCfg = Debug|Any CPU
		{1439EAB7-C7F6-6221-891E-F38B4E56A69B}.Debug|Any CPU.Build.0 = Debug|Any CPU
		{1439EAB7-C7F6-6221-891E-F38B4E56A69B}.Release|Any CPU.ActiveCfg = Release|Any CPU
		{1439EAB7-C7F6-6221-891E-F38B4E56A69B}.Release|Any CPU.Build.0 = Release|Any CPU
		{0CF43001-F975-DE96-3AFC-596C22CDD1D3}.Debug|Any CPU.ActiveCfg = Debug|Any CPU
		{0CF43001-F975-DE96-3AFC-596C22CDD1D3}.Debug|Any CPU.Build.0 = Debug|Any CPU
		{0CF43001-F975-DE96-3AFC-596C22CDD1D3}.Release|Any CPU.ActiveCfg = Release|Any CPU
		{0CF43001-F975-DE96-3AFC-596C22CDD1D3}.Release|Any CPU.Build.0 = Release|Any CPU
		{82839E0E-D7E1-2193-B911-98BDE08260AA}.Debug|Any CPU.ActiveCfg = Debug|Any CPU
		{82839E0E-D7E1-2193-B911-98BDE08260AA}.Debug|Any CPU.Build.0 = Debug|Any CPU
		{82839E0E-D7E1-2193-B911-98BDE08260AA}.Release|Any CPU.ActiveCfg = Release|Any CPU
		{82839E0E-D7E1-2193-B911-98BDE08260AA}.Release|Any CPU.Build.0 = Release|Any CPU
		{FDBDB280-FD82-559F-92E9-FD40EB06C65E}.Debug|Any CPU.ActiveCfg = Debug|Any CPU
		{FDBDB280-FD82-559F-92E9-FD40EB06C65E}.Debug|Any CPU.Build.0 = Debug|Any CPU
		{FDBDB280-FD82-559F-92E9-FD40EB06C65E}.Release|Any CPU.ActiveCfg = Release|Any CPU
		{FDBDB280-FD82-559F-92E9-FD40EB06C65E}.Release|Any CPU.Build.0 = Release|Any CPU
		{51C612AA-1D39-9D13-5C09-19F8D9E807F7}.Debug|Any CPU.ActiveCfg = Debug|Any CPU
		{51C612AA-1D39-9D13-5C09-19F8D9E807F7}.Debug|Any CPU.Build.0 = Debug|Any CPU
		{51C612AA-1D39-9D13-5C09-19F8D9E807F7}.Release|Any CPU.ActiveCfg = Release|Any CPU
		{51C612AA-1D39-9D13-5C09-19F8D9E807F7}.Release|Any CPU.Build.0 = Release|Any CPU
		{1F035FC6-C9B3-F631-9C87-E5509F20BAE7}.Debug|Any CPU.ActiveCfg = Debug|Any CPU
		{1F035FC6-C9B3-F631-9C87-E5509F20BAE7}.Debug|Any CPU.Build.0 = Debug|Any CPU
		{1F035FC6-C9B3-F631-9C87-E5509F20BAE7}.Release|Any CPU.ActiveCfg = Release|Any CPU
		{1F035FC6-C9B3-F631-9C87-E5509F20BAE7}.Release|Any CPU.Build.0 = Release|Any CPU
		{2144C0F7-0E63-D925-F903-75F257876365}.Debug|Any CPU.ActiveCfg = Debug|Any CPU
		{2144C0F7-0E63-D925-F903-75F257876365}.Debug|Any CPU.Build.0 = Debug|Any CPU
		{2144C0F7-0E63-D925-F903-75F257876365}.Release|Any CPU.ActiveCfg = Release|Any CPU
		{2144C0F7-0E63-D925-F903-75F257876365}.Release|Any CPU.Build.0 = Release|Any CPU
		{1EA5EFC0-C365-7A41-362A-60F58C17C616}.Debug|Any CPU.ActiveCfg = Debug|Any CPU
		{1EA5EFC0-C365-7A41-362A-60F58C17C616}.Debug|Any CPU.Build.0 = Debug|Any CPU
		{1EA5EFC0-C365-7A41-362A-60F58C17C616}.Release|Any CPU.ActiveCfg = Release|Any CPU
		{1EA5EFC0-C365-7A41-362A-60F58C17C616}.Release|Any CPU.Build.0 = Release|Any CPU
		{C53011BA-01E4-D11D-A670-0B761BCBBAC3}.Debug|Any CPU.ActiveCfg = Debug|Any CPU
		{C53011BA-01E4-D11D-A670-0B761BCBBAC3}.Debug|Any CPU.Build.0 = Debug|Any CPU
		{C53011BA-01E4-D11D-A670-0B761BCBBAC3}.Release|Any CPU.ActiveCfg = Release|Any CPU
		{C53011BA-01E4-D11D-A670-0B761BCBBAC3}.Release|Any CPU.Build.0 = Release|Any CPU
	EndGlobalSection
	GlobalSection(SolutionProperties) = preSolution
		HideSolutionNode = FALSE
	EndGlobalSection
EndGlobal
